// !$*UTF8*$!
{
	archiveVersion = 1;
	classes = {
	};
	objectVersion = 45;
	objects = {

/* Begin PBXBuildFile section */
		1D3623260D0F684500981E51 /* iRacketAppDelegate.m in Sources */ = {isa = PBXBuildFile; fileRef = 1D3623250D0F684500981E51 /* iRacketAppDelegate.m */; };
		1D60589B0D05DD56006BFB54 /* main.m in Sources */ = {isa = PBXBuildFile; fileRef = 29B97316FDCFA39411CA2CEA /* main.m */; };
		1D60589F0D05DD5A006BFB54 /* Foundation.framework in Frameworks */ = {isa = PBXBuildFile; fileRef = 1D30AB110D05D00D00671497 /* Foundation.framework */; };
		1DF5F4E00D08C38300B7A737 /* UIKit.framework in Frameworks */ = {isa = PBXBuildFile; fileRef = 1DF5F4DF0D08C38300B7A737 /* UIKit.framework */; };
		288765A50DF7441C002DB57D /* CoreGraphics.framework in Frameworks */ = {isa = PBXBuildFile; fileRef = 288765A40DF7441C002DB57D /* CoreGraphics.framework */; };
		2899E5220DE3E06400AC0155 /* iRacketViewController.xib in Resources */ = {isa = PBXBuildFile; fileRef = 2899E5210DE3E06400AC0155 /* iRacketViewController.xib */; };
		28AD733F0D9D9553002E5188 /* MainWindow.xib in Resources */ = {isa = PBXBuildFile; fileRef = 28AD733E0D9D9553002E5188 /* MainWindow.xib */; };
		28D7ACF80DDB3853001CB0EB /* iRacketViewController.m in Sources */ = {isa = PBXBuildFile; fileRef = 28D7ACF70DDB3853001CB0EB /* iRacketViewController.m */; };
		DE4CCA6612B12C80008E82BD /* libiconv.dylib in Frameworks */ = {isa = PBXBuildFile; fileRef = DECD0057128692010064F454 /* libiconv.dylib */; };
		DECB15DF12E1EE67007675FA /* libracket3m.a in Frameworks */ = {isa = PBXBuildFile; fileRef = DECD000812868D250064F454 /* libracket3m.a */; };
		DECD001412868DB00064F454 /* MainWindow.xib in Resources */ = {isa = PBXBuildFile; fileRef = 28AD733E0D9D9553002E5188 /* MainWindow.xib */; };
		DECD001512868DB00064F454 /* iRacketViewController.xib in Resources */ = {isa = PBXBuildFile; fileRef = 2899E5210DE3E06400AC0155 /* iRacketViewController.xib */; };
		DECD001712868DB00064F454 /* main.m in Sources */ = {isa = PBXBuildFile; fileRef = 29B97316FDCFA39411CA2CEA /* main.m */; };
		DECD001812868DB00064F454 /* iRacketAppDelegate.m in Sources */ = {isa = PBXBuildFile; fileRef = 1D3623250D0F684500981E51 /* iRacketAppDelegate.m */; };
		DECD001912868DB00064F454 /* iRacketViewController.m in Sources */ = {isa = PBXBuildFile; fileRef = 28D7ACF70DDB3853001CB0EB /* iRacketViewController.m */; };
		DECD001B12868DB00064F454 /* Foundation.framework in Frameworks */ = {isa = PBXBuildFile; fileRef = 1D30AB110D05D00D00671497 /* Foundation.framework */; };
		DECD001C12868DB00064F454 /* UIKit.framework in Frameworks */ = {isa = PBXBuildFile; fileRef = 1DF5F4DF0D08C38300B7A737 /* UIKit.framework */; };
		DECD001D12868DB00064F454 /* CoreGraphics.framework in Frameworks */ = {isa = PBXBuildFile; fileRef = 288765A40DF7441C002DB57D /* CoreGraphics.framework */; };
		DECD003C1286907B0064F454 /* libracket3m.a in Frameworks */ = {isa = PBXBuildFile; fileRef = DECD000612868D120064F454 /* libracket3m.a */; };
		DECD004B1286915B0064F454 /* test.c in Sources */ = {isa = PBXBuildFile; fileRef = DECD004A1286915B0064F454 /* test.c */; };
		DECD004C1286915B0064F454 /* test.c in Sources */ = {isa = PBXBuildFile; fileRef = DECD004A1286915B0064F454 /* test.c */; };
		DECD0058128692010064F454 /* libiconv.dylib in Frameworks */ = {isa = PBXBuildFile; fileRef = DECD0057128692010064F454 /* libiconv.dylib */; };
/* End PBXBuildFile section */

/* Begin PBXFileReference section */
		1D30AB110D05D00D00671497 /* Foundation.framework */ = {isa = PBXFileReference; lastKnownFileType = wrapper.framework; name = Foundation.framework; path = System/Library/Frameworks/Foundation.framework; sourceTree = SDKROOT; };
		1D3623240D0F684500981E51 /* iRacketAppDelegate.h */ = {isa = PBXFileReference; fileEncoding = 4; lastKnownFileType = sourcecode.c.h; path = iRacketAppDelegate.h; sourceTree = "<group>"; };
		1D3623250D0F684500981E51 /* iRacketAppDelegate.m */ = {isa = PBXFileReference; fileEncoding = 4; lastKnownFileType = sourcecode.c.objc; path = iRacketAppDelegate.m; sourceTree = "<group>"; };
		1D6058910D05DD3D006BFB54 /* iRacket.app */ = {isa = PBXFileReference; explicitFileType = wrapper.application; includeInIndex = 0; path = iRacket.app; sourceTree = BUILT_PRODUCTS_DIR; };
		1DF5F4DF0D08C38300B7A737 /* UIKit.framework */ = {isa = PBXFileReference; lastKnownFileType = wrapper.framework; name = UIKit.framework; path = System/Library/Frameworks/UIKit.framework; sourceTree = SDKROOT; };
		288765A40DF7441C002DB57D /* CoreGraphics.framework */ = {isa = PBXFileReference; lastKnownFileType = wrapper.framework; name = CoreGraphics.framework; path = System/Library/Frameworks/CoreGraphics.framework; sourceTree = SDKROOT; };
		2899E5210DE3E06400AC0155 /* iRacketViewController.xib */ = {isa = PBXFileReference; lastKnownFileType = file.xib; path = iRacketViewController.xib; sourceTree = "<group>"; };
		28AD733E0D9D9553002E5188 /* MainWindow.xib */ = {isa = PBXFileReference; lastKnownFileType = file.xib; path = MainWindow.xib; sourceTree = "<group>"; };
		28D7ACF60DDB3853001CB0EB /* iRacketViewController.h */ = {isa = PBXFileReference; fileEncoding = 4; lastKnownFileType = sourcecode.c.h; path = iRacketViewController.h; sourceTree = "<group>"; };
		28D7ACF70DDB3853001CB0EB /* iRacketViewController.m */ = {isa = PBXFileReference; fileEncoding = 4; lastKnownFileType = sourcecode.c.objc; path = iRacketViewController.m; sourceTree = "<group>"; };
		29B97316FDCFA39411CA2CEA /* main.m */ = {isa = PBXFileReference; fileEncoding = 4; lastKnownFileType = sourcecode.c.objc; path = main.m; sourceTree = "<group>"; };
		32CA4F630368D1EE00C91783 /* iRacket_Prefix.pch */ = {isa = PBXFileReference; fileEncoding = 4; lastKnownFileType = sourcecode.c.h; path = iRacket_Prefix.pch; sourceTree = "<group>"; };
		8D1107310486CEB800E47090 /* iRacket-Info.plist */ = {isa = PBXFileReference; fileEncoding = 4; lastKnownFileType = text.plist.xml; path = "iRacket-Info.plist"; plistStructureDefinitionIdentifier = "com.apple.xcode.plist.structure-definition.iphone.info-plist"; sourceTree = "<group>"; };
		DE880E7F127437DD00D5BC11 /* iRacket-Info-sim.plist */ = {isa = PBXFileReference; lastKnownFileType = text.plist.xml; path = "iRacket-Info-sim.plist"; sourceTree = "<group>"; };
		DECD000612868D120064F454 /* libracket3m.a */ = {isa = PBXFileReference; lastKnownFileType = archive.ar; name = libracket3m.a; path = ../../build/ios.sim/racket/libracket3m.a; sourceTree = SOURCE_ROOT; };
		DECD000812868D250064F454 /* libracket3m.a */ = {isa = PBXFileReference; lastKnownFileType = archive.ar; name = libracket3m.a; path = ../../build/ios/racket/libracket3m.a; sourceTree = SOURCE_ROOT; };
		DECD002212868DB00064F454 /* iRacketSim.app */ = {isa = PBXFileReference; explicitFileType = wrapper.application; includeInIndex = 0; path = iRacketSim.app; sourceTree = BUILT_PRODUCTS_DIR; };
		DECD002412868DB00064F454 /* iRacket-Info copy.plist */ = {isa = PBXFileReference; lastKnownFileType = text.plist.xml; path = "iRacket-Info copy.plist"; sourceTree = "<group>"; };
		DECD004A1286915B0064F454 /* test.c */ = {isa = PBXFileReference; fileEncoding = 4; lastKnownFileType = sourcecode.c.c; path = test.c; sourceTree = SOURCE_ROOT; };
		DECD0057128692010064F454 /* libiconv.dylib */ = {isa = PBXFileReference; lastKnownFileType = "compiled.mach-o.dylib"; name = libiconv.dylib; path = usr/lib/libiconv.dylib; sourceTree = SDKROOT; };
/* End PBXFileReference section */

/* Begin PBXFrameworksBuildPhase section */
		1D60588F0D05DD3D006BFB54 /* Frameworks */ = {
			isa = PBXFrameworksBuildPhase;
			buildActionMask = 2147483647;
			files = (
				DECB15DF12E1EE67007675FA /* libracket3m.a in Frameworks */,
				DE4CCA6612B12C80008E82BD /* libiconv.dylib in Frameworks */,
				1D60589F0D05DD5A006BFB54 /* Foundation.framework in Frameworks */,
				1DF5F4E00D08C38300B7A737 /* UIKit.framework in Frameworks */,
				288765A50DF7441C002DB57D /* CoreGraphics.framework in Frameworks */,
			);
			runOnlyForDeploymentPostprocessing = 0;
		};
		DECD001A12868DB00064F454 /* Frameworks */ = {
			isa = PBXFrameworksBuildPhase;
			buildActionMask = 2147483647;
			files = (
				DECD003C1286907B0064F454 /* libracket3m.a in Frameworks */,
				DECD001B12868DB00064F454 /* Foundation.framework in Frameworks */,
				DECD001C12868DB00064F454 /* UIKit.framework in Frameworks */,
				DECD001D12868DB00064F454 /* CoreGraphics.framework in Frameworks */,
				DECD0058128692010064F454 /* libiconv.dylib in Frameworks */,
			);
			runOnlyForDeploymentPostprocessing = 0;
		};
/* End PBXFrameworksBuildPhase section */

/* Begin PBXGroup section */
		080E96DDFE201D6D7F000001 /* Classes */ = {
			isa = PBXGroup;
			children = (
				DECD004A1286915B0064F454 /* test.c */,
				1D3623240D0F684500981E51 /* iRacketAppDelegate.h */,
				1D3623250D0F684500981E51 /* iRacketAppDelegate.m */,
				28D7ACF60DDB3853001CB0EB /* iRacketViewController.h */,
				28D7ACF70DDB3853001CB0EB /* iRacketViewController.m */,
			);
			path = Classes;
			sourceTree = "<group>";
		};
		19C28FACFE9D520D11CA2CBB /* Products */ = {
			isa = PBXGroup;
			children = (
				1D6058910D05DD3D006BFB54 /* iRacket.app */,
				DECD002212868DB00064F454 /* iRacketSim.app */,
			);
			name = Products;
			sourceTree = "<group>";
		};
		29B97314FDCFA39411CA2CEA /* CustomTemplate */ = {
			isa = PBXGroup;
			children = (
				080E96DDFE201D6D7F000001 /* Classes */,
				29B97315FDCFA39411CA2CEA /* Other Sources */,
				29B97317FDCFA39411CA2CEA /* Resources */,
				29B97323FDCFA39411CA2CEA /* Frameworks */,
				19C28FACFE9D520D11CA2CBB /* Products */,
			);
			name = CustomTemplate;
			sourceTree = "<group>";
		};
		29B97315FDCFA39411CA2CEA /* Other Sources */ = {
			isa = PBXGroup;
			children = (
				32CA4F630368D1EE00C91783 /* iRacket_Prefix.pch */,
				29B97316FDCFA39411CA2CEA /* main.m */,
			);
			name = "Other Sources";
			sourceTree = "<group>";
		};
		29B97317FDCFA39411CA2CEA /* Resources */ = {
			isa = PBXGroup;
			children = (
				2899E5210DE3E06400AC0155 /* iRacketViewController.xib */,
				28AD733E0D9D9553002E5188 /* MainWindow.xib */,
				8D1107310486CEB800E47090 /* iRacket-Info.plist */,
				DE880E7F127437DD00D5BC11 /* iRacket-Info-sim.plist */,
				DECD002412868DB00064F454 /* iRacket-Info copy.plist */,
			);
			name = Resources;
			sourceTree = "<group>";
		};
		29B97323FDCFA39411CA2CEA /* Frameworks */ = {
			isa = PBXGroup;
			children = (
				DECD000512868CF90064F454 /* iOSSim */,
				DECD000412868CEE0064F454 /* iOS */,
				1DF5F4DF0D08C38300B7A737 /* UIKit.framework */,
				1D30AB110D05D00D00671497 /* Foundation.framework */,
				288765A40DF7441C002DB57D /* CoreGraphics.framework */,
				DECD0057128692010064F454 /* libiconv.dylib */,
			);
			name = Frameworks;
			sourceTree = "<group>";
		};
		DECD000412868CEE0064F454 /* iOS */ = {
			isa = PBXGroup;
			children = (
				DECD000812868D250064F454 /* libracket3m.a */,
			);
			name = iOS;
			sourceTree = "<group>";
		};
		DECD000512868CF90064F454 /* iOSSim */ = {
			isa = PBXGroup;
			children = (
				DECD000612868D120064F454 /* libracket3m.a */,
			);
			name = iOSSim;
			sourceTree = "<group>";
		};
/* End PBXGroup section */

/* Begin PBXNativeTarget section */
		1D6058900D05DD3D006BFB54 /* iRacket */ = {
			isa = PBXNativeTarget;
			buildConfigurationList = 1D6058960D05DD3E006BFB54 /* Build configuration list for PBXNativeTarget "iRacket" */;
			buildPhases = (
				1D60588D0D05DD3D006BFB54 /* Resources */,
				1D60588E0D05DD3D006BFB54 /* Sources */,
				1D60588F0D05DD3D006BFB54 /* Frameworks */,
			);
			buildRules = (
			);
			dependencies = (
			);
			name = iRacket;
			productName = iRacket;
			productReference = 1D6058910D05DD3D006BFB54 /* iRacket.app */;
			productType = "com.apple.product-type.application";
		};
		DECD001212868DB00064F454 /* iRacketSim */ = {
			isa = PBXNativeTarget;
			buildConfigurationList = DECD001F12868DB00064F454 /* Build configuration list for PBXNativeTarget "iRacketSim" */;
			buildPhases = (
				DECD001312868DB00064F454 /* Resources */,
				DECD001612868DB00064F454 /* Sources */,
				DECD001A12868DB00064F454 /* Frameworks */,
			);
			buildRules = (
			);
			dependencies = (
			);
			name = iRacketSim;
			productName = iRacket;
			productReference = DECD002212868DB00064F454 /* iRacketSim.app */;
			productType = "com.apple.product-type.application";
		};
/* End PBXNativeTarget section */

/* Begin PBXProject section */
		29B97313FDCFA39411CA2CEA /* Project object */ = {
			isa = PBXProject;
			attributes = {
				BuildIndependentTargetsInParallel = YES;
			};
			buildConfigurationList = C01FCF4E08A954540054247B /* Build configuration list for PBXProject "iRacket" */;
			compatibilityVersion = "Xcode 3.1";
			developmentRegion = English;
			hasScannedForEncodings = 1;
			knownRegions = (
				English,
				Japanese,
				French,
				German,
			);
			mainGroup = 29B97314FDCFA39411CA2CEA /* CustomTemplate */;
			projectDirPath = "";
			projectRoot = "";
			targets = (
				1D6058900D05DD3D006BFB54 /* iRacket */,
				DECD001212868DB00064F454 /* iRacketSim */,
			);
		};
/* End PBXProject section */

/* Begin PBXResourcesBuildPhase section */
		1D60588D0D05DD3D006BFB54 /* Resources */ = {
			isa = PBXResourcesBuildPhase;
			buildActionMask = 2147483647;
			files = (
				28AD733F0D9D9553002E5188 /* MainWindow.xib in Resources */,
				2899E5220DE3E06400AC0155 /* iRacketViewController.xib in Resources */,
			);
			runOnlyForDeploymentPostprocessing = 0;
		};
		DECD001312868DB00064F454 /* Resources */ = {
			isa = PBXResourcesBuildPhase;
			buildActionMask = 2147483647;
			files = (
				DECD001412868DB00064F454 /* MainWindow.xib in Resources */,
				DECD001512868DB00064F454 /* iRacketViewController.xib in Resources */,
			);
			runOnlyForDeploymentPostprocessing = 0;
		};
/* End PBXResourcesBuildPhase section */

/* Begin PBXSourcesBuildPhase section */
		1D60588E0D05DD3D006BFB54 /* Sources */ = {
			isa = PBXSourcesBuildPhase;
			buildActionMask = 2147483647;
			files = (
				1D60589B0D05DD56006BFB54 /* main.m in Sources */,
				1D3623260D0F684500981E51 /* iRacketAppDelegate.m in Sources */,
				28D7ACF80DDB3853001CB0EB /* iRacketViewController.m in Sources */,
				DECD004B1286915B0064F454 /* test.c in Sources */,
			);
			runOnlyForDeploymentPostprocessing = 0;
		};
		DECD001612868DB00064F454 /* Sources */ = {
			isa = PBXSourcesBuildPhase;
			buildActionMask = 2147483647;
			files = (
				DECD001712868DB00064F454 /* main.m in Sources */,
				DECD001812868DB00064F454 /* iRacketAppDelegate.m in Sources */,
				DECD001912868DB00064F454 /* iRacketViewController.m in Sources */,
				DECD004C1286915B0064F454 /* test.c in Sources */,
			);
			runOnlyForDeploymentPostprocessing = 0;
		};
/* End PBXSourcesBuildPhase section */

/* Begin XCBuildConfiguration section */
		1D6058940D05DD3E006BFB54 /* Debug */ = {
			isa = XCBuildConfiguration;
			buildSettings = {
				ALWAYS_SEARCH_USER_PATHS = NO;
				ARCHS = "$(ARCHS_UNIVERSAL_IPHONE_OS)";
				CODE_SIGN_IDENTITY = "iPhone Developer: Xueliang Hua (GWY394QHN8)";
				"CODE_SIGN_IDENTITY[sdk=iphoneos*]" = "iPhone Developer: Xueliang Hua (GWY394QHN8)";
				COPY_PHASE_STRIP = NO;
				DEAD_CODE_STRIPPING = NO;
				GCC_DYNAMIC_NO_PIC = NO;
				GCC_OPTIMIZATION_LEVEL = 0;
				GCC_PRECOMPILE_PREFIX_HEADER = YES;
				GCC_PREFIX_HEADER = iRacket_Prefix.pch;
				GCC_PREPROCESSOR_DEFINITIONS = (
					MZ_DONT_USE_JIT,
					IPHONE,
					EXTRA_EXCEPTION_STUBS,
					OS_X,
					_DARWIN_UNLIMITED_SELECT,
					USE_SENORA_GC,
					NEWGC_BTC_ACCOUNT,
				);
				HEADER_SEARCH_PATHS = (
					"/Users/nevo/projects/my-git/racket-hack.git/src/racket/include",
					"/Users/nevo/projects/my-git/racket-hack.git/src/build/ios/racket",
				);
				INFOPLIST_FILE = "iRacket-Info.plist";
				LIBRARY_SEARCH_PATHS = (
					"$(inherited)",
					"\"$(SRCROOT)/../../build/ios/racket\"",
				);
				OTHER_LDFLAGS = (
					"-all_load",
					"-ObjC",
				);
				PRODUCT_NAME = iRacket;
				PROVISIONING_PROFILE = "D59536B4-C137-494B-8CE1-4BDFAD66FBD8";
				"PROVISIONING_PROFILE[sdk=iphoneos*]" = "D59536B4-C137-494B-8CE1-4BDFAD66FBD8";
				SDKROOT = iphoneos;
			};
			name = Debug;
		};
		1D6058950D05DD3E006BFB54 /* Release */ = {
			isa = XCBuildConfiguration;
			buildSettings = {
				ALWAYS_SEARCH_USER_PATHS = NO;
				COPY_PHASE_STRIP = YES;
				GCC_PRECOMPILE_PREFIX_HEADER = YES;
				GCC_PREFIX_HEADER = iRacket_Prefix.pch;
				INFOPLIST_FILE = "iRacket-Info.plist";
				LIBRARY_SEARCH_PATHS = (
					"$(inherited)",
					"\"$(SRCROOT)/../../build.arm/racket\"",
					"\"$(SRCROOT)/../../build/ios/racket\"",
				);
				PRODUCT_NAME = iRacket;
				VALIDATE_PRODUCT = YES;
			};
			name = Release;
		};
		C01FCF4F08A954540054247B /* Debug */ = {
			isa = XCBuildConfiguration;
			buildSettings = {
				ARCHS = "$(ARCHS_UNIVERSAL_IPHONE_OS)";
				"CODE_SIGN_IDENTITY[sdk=iphoneos*]" = "iPhone Developer";
				GCC_C_LANGUAGE_STANDARD = c99;
				GCC_WARN_ABOUT_RETURN_TYPE = YES;
				GCC_WARN_UNUSED_VARIABLE = YES;
				PREBINDING = NO;
				SDKROOT = iphoneos;
				TARGETED_DEVICE_FAMILY = 2;
			};
			name = Debug;
		};
		C01FCF5008A954540054247B /* Release */ = {
			isa = XCBuildConfiguration;
			buildSettings = {
				ARCHS = "$(ARCHS_UNIVERSAL_IPHONE_OS)";
				"CODE_SIGN_IDENTITY[sdk=iphoneos*]" = "iPhone Developer";
				GCC_C_LANGUAGE_STANDARD = c99;
				GCC_WARN_ABOUT_RETURN_TYPE = YES;
				GCC_WARN_UNUSED_VARIABLE = YES;
				OTHER_CFLAGS = "-DNS_BLOCK_ASSERTIONS=1";
				PREBINDING = NO;
				SDKROOT = iphoneos;
				TARGETED_DEVICE_FAMILY = 2;
			};
			name = Release;
		};
		DECD002012868DB00064F454 /* Debug */ = {
			isa = XCBuildConfiguration;
			buildSettings = {
				ALWAYS_SEARCH_USER_PATHS = NO;
				ARCHS = "$(ARCHS_UNIVERSAL_IPHONE_OS)";
				"CODE_SIGN_IDENTITY[sdk=iphoneos*]" = "Don't Code Sign";
				COPY_PHASE_STRIP = NO;
				GCC_DYNAMIC_NO_PIC = NO;
				GCC_OPTIMIZATION_LEVEL = 0;
				GCC_PRECOMPILE_PREFIX_HEADER = YES;
				GCC_PREFIX_HEADER = iRacket_Prefix.pch;
				GCC_PREPROCESSOR_DEFINITIONS = (
					MZ_DONT_USE_JIT,
					IPHONE,
					EXTRA_EXCEPTION_STUBS,
					OS_X,
					_DARWIN_UNLIMITED_SELECT,
					USE_SENORA_GC,
					NEWGC_BTC_ACCOUNT,
				);
				HEADER_SEARCH_PATHS = (
					"/Users/nevo/projects/my-git/racket-hack.git/src/build/ios.sim/racket",
					"/Users/nevo/projects/my-git/racket-hack.git/src/racket/include",
				);
				INCLUDED_RECURSIVE_SEARCH_PATH_SUBDIRECTORIES = "/Users/nevo/projects/opensource-git/racket.git/plt.git/src/racket";
				INFOPLIST_FILE = "iRacket-Info copy.plist";
				LIBRARY_SEARCH_PATHS = (
					"$(inherited)",
					"\"$(SRCROOT)/../../build/ios.sim/racket\"",
				);
				PRODUCT_NAME = iRacketSim;
				SDKROOT = iphonesimulator3.2;
			};
			name = Debug;
		};
		DECD002112868DB00064F454 /* Release */ = {
			isa = XCBuildConfiguration;
			buildSettings = {
				ALWAYS_SEARCH_USER_PATHS = NO;
				COPY_PHASE_STRIP = YES;
				GCC_PRECOMPILE_PREFIX_HEADER = YES;
				GCC_PREFIX_HEADER = iRacket_Prefix.pch;
				INFOPLIST_FILE = "iRacket-Info copy.plist";
				LIBRARY_SEARCH_PATHS = (
					"$(inherited)",
					"\\\"$(SRCROOT)/../../build.arm/racket\\\"",
					"\"$(SRCROOT)/../../build.sim/racket\"",
				);
				PRODUCT_NAME = iRacket;
				VALIDATE_PRODUCT = YES;
			};
			name = Release;
		};
/* End XCBuildConfiguration section */

/* Begin XCConfigurationList section */
		1D6058960D05DD3E006BFB54 /* Build configuration list for PBXNativeTarget "iRacket" */ = {
			isa = XCConfigurationList;
			buildConfigurations = (
				1D6058940D05DD3E006BFB54 /* Debug */,
				1D6058950D05DD3E006BFB54 /* Release */,
			);
			defaultConfigurationIsVisible = 0;
			defaultConfigurationName = Release;
		};
		C01FCF4E08A954540054247B /* Build configuration list for PBXProject "iRacket" */ = {
			isa = XCConfigurationList;
			buildConfigurations = (
				C01FCF4F08A954540054247B /* Debug */,
				C01FCF5008A954540054247B /* Release */,
			);
			defaultConfigurationIsVisible = 0;
			defaultConfigurationName = Release;
		};
		DECD001F12868DB00064F454 /* Build configuration list for PBXNativeTarget "iRacketSim" */ = {
			isa = XCConfigurationList;
			buildConfigurations = (
				DECD002012868DB00064F454 /* Debug */,
				DECD002112868DB00064F454 /* Release */,
			);
			defaultConfigurationIsVisible = 0;
			defaultConfigurationName = Release;
		};
/* End XCConfigurationList section */
	};
	rootObject = 29B97313FDCFA39411CA2CEA /* Project object */;
}
